
Microsoft Visual Studio Solution File, Format Version 12.00
# Visual Studio 2013
VisualStudioVersion = 12.0.40629.0
MinimumVisualStudioVersion = 10.0.40219.1
Project("{FAE04EC0-301F-11D3-BF4B-00C04F79EFBC}") = "Interface.Service.API", "Interface.Service.API\Interface.Service.API.csproj", "{F7C6FD7B-D775-4448-A0CB-BD548748BEA2}"
EndProject
Project("{FAE04EC0-301F-11D3-BF4B-00C04F79EFBC}") = "Interface.Service.Services", "Interface.Service.Services\Interface.Service.Services.csproj", "{5877F3E7-13BA-4CB1-93E4-5131B1540803}"
EndProject
Project("{FAE04EC0-301F-11D3-BF4B-00C04F79EFBC}") = "Interface.Service.Model", "Interface.Service.Model\Interface.Service.Model.csproj", "{ED2E3468-5167-4715-BCF9-DF560EBCFAB5}"
EndProject
Project("{FAE04EC0-301F-11D3-BF4B-00C04F79EFBC}") = "Interface.Service.Common", "Interface.Service.Common\Interface.Service.Common.csproj", "{990987E1-6430-48FC-BFA6-AF49DEC2FFD3}"
EndProject
Project("{FAE04EC0-301F-11D3-BF4B-00C04F79EFBC}") = "Interface.Service.IServices", "Interface.Service.IServices\Interface.Service.IServices.csproj", "{505BE45A-184D-480B-BAAA-36B6DA5CFB2E}"
EndProject
Global
	GlobalSection(SolutionConfigurationPlatforms) = preSolution
		Debug|Any CPU = Debug|Any CPU
		Release|Any CPU = Release|Any CPU
	EndGlobalSection
	GlobalSection(ProjectConfigurationPlatforms) = postSolution
		{F7C6FD7B-D775-4448-A0CB-BD548748BEA2}.Debug|Any CPU.ActiveCfg = Debug|Any CPU
		{F7C6FD7B-D775-4448-A0CB-BD548748BEA2}.Debug|Any CPU.Build.0 = Debug|Any CPU
		{F7C6FD7B-D775-4448-A0CB-BD548748BEA2}.Release|Any CPU.ActiveCfg = Release|Any CPU
		{F7C6FD7B-D775-4448-A0CB-BD548748BEA2}.Release|Any CPU.Build.0 = Release|Any CPU
		{5877F3E7-13BA-4CB1-93E4-5131B1540803}.Debug|Any CPU.ActiveCfg = Debug|Any CPU
		{5877F3E7-13BA-4CB1-93E4-5131B1540803}.Debug|Any CPU.Build.0 = Debug|Any CPU
		{5877F3E7-13BA-4CB1-93E4-5131B1540803}.Release|Any CPU.ActiveCfg = Release|Any CPU
		{5877F3E7-13BA-4CB1-93E4-5131B1540803}.Release|Any CPU.Build.0 = Release|Any CPU
		{ED2E3468-5167-4715-BCF9-DF560EBCFAB5}.Debug|Any CPU.ActiveCfg = Debug|Any CPU
		{ED2E3468-5167-4715-BCF9-DF560EBCFAB5}.Debug|Any CPU.Build.0 = Debug|Any CPU
		{ED2E3468-5167-4715-BCF9-DF560EBCFAB5}.Release|Any CPU.ActiveCfg = Release|Any CPU
		{ED2E3468-5167-4715-BCF9-DF560EBCFAB5}.Release|Any CPU.Build.0 = Release|Any CPU
		{990987E1-6430-48FC-BFA6-AF49DEC2FFD3}.Debug|Any CPU.ActiveCfg = Debug|Any CPU
		{990987E1-6430-48FC-BFA6-AF49DEC2FFD3}.Debug|Any CPU.Build.0 = Debug|Any CPU
		{990987E1-6430-48FC-BFA6-AF49DEC2FFD3}.Release|Any CPU.ActiveCfg = Release|Any CPU
		{990987E1-6430-48FC-BFA6-AF49DEC2FFD3}.Release|Any CPU.Build.0 = Release|Any CPU
		{505BE45A-184D-480B-BAAA-36B6DA5CFB2E}.Debug|Any CPU.ActiveCfg = Debug|Any CPU
		{505BE45A-184D-480B-BAAA-36B6DA5CFB2E}.Debug|Any CPU.Build.0 = Debug|Any CPU
		{505BE45A-184D-480B-BAAA-36B6DA5CFB2E}.Release|Any CPU.ActiveCfg = Release|Any CPU
		{505BE45A-184D-480B-BAAA-36B6DA5CFB2E}.Release|Any CPU.Build.0 = Release|Any CPU
	EndGlobalSection
	GlobalSection(SolutionProperties) = preSolution
		HideSolutionNode = FALSE
	EndGlobalSection
EndGlobal
